
Microsoft Visual Studio Solution File, Format Version 12.00
# Visual Studio 15
VisualStudioVersion = 15.0.27004.2002
MinimumVisualStudioVersion = 10.0.40219.1
Project("{FAE04EC0-301F-11D3-BF4B-00C04F79EFBC}") = "Zad1", "Zad1\Zad1.csproj", "{E641B65E-93C6-4EAE-8A73-B982F7E28526}"
EndProject
Project("{FAE04EC0-301F-11D3-BF4B-00C04F79EFBC}") = "Zad4", "Zad4\Zad4.csproj", "{945D8C88-3593-4542-B61D-1580DD484FB0}"
EndProject
Project("{FAE04EC0-301F-11D3-BF4B-00C04F79EFBC}") = "Zad6_7", "Zad6_7\Zad6_7.csproj", "{9E208302-69CB-4D67-BC38-48E31731885A}"
EndProject
Project("{FAE04EC0-301F-11D3-BF4B-00C04F79EFBC}") = "Zad5", "Zad5\Zad5.csproj", "{1FA74CD8-33EA-4539-9CD2-774E254B6E2F}"
EndProject
Project("{FAE04EC0-301F-11D3-BF4B-00C04F79EFBC}") = "Zad2", "Zad2\Zad2.csproj", "{FC1C1C84-E658-47F8-9993-E9A6EFD9AC7E}"
EndProject
Project("{FAE04EC0-301F-11D3-BF4B-00C04F79EFBC}") = "Zad3", "Zad31\Zad3.csproj", "{CD3376F3-512D-4F26-957A-4B0A8CF84435}"
EndProject
Global
	GlobalSection(SolutionConfigurationPlatforms) = preSolution
		Debug|Any CPU = Debug|Any CPU
		Debug|ARM = Debug|ARM
		Debug|x64 = Debug|x64
		Debug|x86 = Debug|x86
		Release|Any CPU = Release|Any CPU
		Release|ARM = Release|ARM
		Release|x64 = Release|x64
		Release|x86 = Release|x86
	EndGlobalSection
	GlobalSection(ProjectConfigurationPlatforms) = postSolution
		{E641B65E-93C6-4EAE-8A73-B982F7E28526}.Debug|Any CPU.ActiveCfg = Debug|Any CPU
		{E641B65E-93C6-4EAE-8A73-B982F7E28526}.Debug|Any CPU.Build.0 = Debug|Any CPU
		{E641B65E-93C6-4EAE-8A73-B982F7E28526}.Debug|ARM.ActiveCfg = Debug|Any CPU
		{E641B65E-93C6-4EAE-8A73-B982F7E28526}.Debug|ARM.Build.0 = Debug|Any CPU
		{E641B65E-93C6-4EAE-8A73-B982F7E28526}.Debug|x64.ActiveCfg = Debug|Any CPU
		{E641B65E-93C6-4EAE-8A73-B982F7E28526}.Debug|x64.Build.0 = Debug|Any CPU
		{E641B65E-93C6-4EAE-8A73-B982F7E28526}.Debug|x86.ActiveCfg = Debug|Any CPU
		{E641B65E-93C6-4EAE-8A73-B982F7E28526}.Debug|x86.Build.0 = Debug|Any CPU
		{E641B65E-93C6-4EAE-8A73-B982F7E28526}.Release|Any CPU.ActiveCfg = Release|Any CPU
		{E641B65E-93C6-4EAE-8A73-B982F7E28526}.Release|Any CPU.Build.0 = Release|Any CPU
		{E641B65E-93C6-4EAE-8A73-B982F7E28526}.Release|ARM.ActiveCfg = Release|Any CPU
		{E641B65E-93C6-4EAE-8A73-B982F7E28526}.Release|ARM.Build.0 = Release|Any CPU
		{E641B65E-93C6-4EAE-8A73-B982F7E28526}.Release|x64.ActiveCfg = Release|Any CPU
		{E641B65E-93C6-4EAE-8A73-B982F7E28526}.Release|x64.Build.0 = Release|Any CPU
		{E641B65E-93C6-4EAE-8A73-B982F7E28526}.Release|x86.ActiveCfg = Release|Any CPU
		{E641B65E-93C6-4EAE-8A73-B982F7E28526}.Release|x86.Build.0 = Release|Any CPU
		{945D8C88-3593-4542-B61D-1580DD484FB0}.Debug|Any CPU.ActiveCfg = Debug|Any CPU
		{945D8C88-3593-4542-B61D-1580DD484FB0}.Debug|Any CPU.Build.0 = Debug|Any CPU
		{945D8C88-3593-4542-B61D-1580DD484FB0}.Debug|ARM.ActiveCfg = Debug|Any CPU
		{945D8C88-3593-4542-B61D-1580DD484FB0}.Debug|ARM.Build.0 = Debug|Any CPU
		{945D8C88-3593-4542-B61D-1580DD484FB0}.Debug|x64.ActiveCfg = Debug|Any CPU
		{945D8C88-3593-4542-B61D-1580DD484FB0}.Debug|x64.Build.0 = Debug|Any CPU
		{945D8C88-3593-4542-B61D-1580DD484FB0}.Debug|x86.ActiveCfg = Debug|Any CPU
		{945D8C88-3593-4542-B61D-1580DD484FB0}.Debug|x86.Build.0 = Debug|Any CPU
		{945D8C88-3593-4542-B61D-1580DD484FB0}.Release|Any CPU.ActiveCfg = Release|Any CPU
		{945D8C88-3593-4542-B61D-1580DD484FB0}.Release|Any CPU.Build.0 = Release|Any CPU
		{945D8C88-3593-4542-B61D-1580DD484FB0}.Release|ARM.ActiveCfg = Release|Any CPU
		{945D8C88-3593-4542-B61D-1580DD484FB0}.Release|ARM.Build.0 = Release|Any CPU
		{945D8C88-3593-4542-B61D-1580DD484FB0}.Release|x64.ActiveCfg = Release|Any CPU
		{945D8C88-3593-4542-B61D-1580DD484FB0}.Release|x64.Build.0 = Release|Any CPU
		{945D8C88-3593-4542-B61D-1580DD484FB0}.Release|x86.ActiveCfg = Release|Any CPU
		{945D8C88-3593-4542-B61D-1580DD484FB0}.Release|x86.Build.0 = Release|Any CPU
		{9E208302-69CB-4D67-BC38-48E31731885A}.Debug|Any CPU.ActiveCfg = Debug|Any CPU
		{9E208302-69CB-4D67-BC38-48E31731885A}.Debug|Any CPU.Build.0 = Debug|Any CPU
		{9E208302-69CB-4D67-BC38-48E31731885A}.Debug|ARM.ActiveCfg = Debug|Any CPU
		{9E208302-69CB-4D67-BC38-48E31731885A}.Debug|ARM.Build.0 = Debug|Any CPU
		{9E208302-69CB-4D67-BC38-48E31731885A}.Debug|x64.ActiveCfg = Debug|Any CPU
		{9E208302-69CB-4D67-BC38-48E31731885A}.Debug|x64.Build.0 = Debug|Any CPU
		{9E208302-69CB-4D67-BC38-48E31731885A}.Debug|x86.ActiveCfg = Debug|Any CPU
		{9E208302-69CB-4D67-BC38-48E31731885A}.Debug|x86.Build.0 = Debug|Any CPU
		{9E208302-69CB-4D67-BC38-48E31731885A}.Release|Any CPU.ActiveCfg = Release|Any CPU
		{9E208302-69CB-4D67-BC38-48E31731885A}.Release|Any CPU.Build.0 = Release|Any CPU
		{9E208302-69CB-4D67-BC38-48E31731885A}.Release|ARM.ActiveCfg = Release|Any CPU
		{9E208302-69CB-4D67-BC38-48E31731885A}.Release|ARM.Build.0 = Release|Any CPU
		{9E208302-69CB-4D67-BC38-48E31731885A}.Release|x64.ActiveCfg = Release|Any CPU
		{9E208302-69CB-4D67-BC38-48E31731885A}.Release|x64.Build.0 = Release|Any CPU
		{9E208302-69CB-4D67-BC38-48E31731885A}.Release|x86.ActiveCfg = Release|Any CPU
		{9E208302-69CB-4D67-BC38-48E31731885A}.Release|x86.Build.0 = Release|Any CPU
		{1FA74CD8-33EA-4539-9CD2-774E254B6E2F}.Debug|Any CPU.ActiveCfg = Debug|Any CPU
		{1FA74CD8-33EA-4539-9CD2-774E254B6E2F}.Debug|Any CPU.Build.0 = Debug|Any CPU
		{1FA74CD8-33EA-4539-9CD2-774E254B6E2F}.Debug|ARM.ActiveCfg = Debug|Any CPU
		{1FA74CD8-33EA-4539-9CD2-774E254B6E2F}.Debug|ARM.Build.0 = Debug|Any CPU
		{1FA74CD8-33EA-4539-9CD2-774E254B6E2F}.Debug|x64.ActiveCfg = Debug|Any CPU
		{1FA74CD8-33EA-4539-9CD2-774E254B6E2F}.Debug|x64.Build.0 = Debug|Any CPU
		{1FA74CD8-33EA-4539-9CD2-774E254B6E2F}.Debug|x86.ActiveCfg = Debug|Any CPU
		{1FA74CD8-33EA-4539-9CD2-774E254B6E2F}.Debug|x86.Build.0 = Debug|Any CPU
		{1FA74CD8-33EA-4539-9CD2-774E254B6E2F}.Release|Any CPU.ActiveCfg = Release|Any CPU
		{1FA74CD8-33EA-4539-9CD2-774E254B6E2F}.Release|Any CPU.Build.0 = Release|Any CPU
		{1FA74CD8-33EA-4539-9CD2-774E254B6E2F}.Release|ARM.ActiveCfg = Release|Any CPU
		{1FA74CD8-33EA-4539-9CD2-774E254B6E2F}.Release|ARM.Build.0 = Release|Any CPU
		{1FA74CD8-33EA-4539-9CD2-774E254B6E2F}.Release|x64.ActiveCfg = Release|Any CPU
		{1FA74CD8-33EA-4539-9CD2-774E254B6E2F}.Release|x64.Build.0 = Release|Any CPU
		{1FA74CD8-33EA-4539-9CD2-774E254B6E2F}.Release|x86.ActiveCfg = Release|Any CPU
		{1FA74CD8-33EA-4539-9CD2-774E254B6E2F}.Release|x86.Build.0 = Release|Any CPU
		{FC1C1C84-E658-47F8-9993-E9A6EFD9AC7E}.Debug|Any CPU.ActiveCfg = Debug|Any CPU
		{FC1C1C84-E658-47F8-9993-E9A6EFD9AC7E}.Debug|Any CPU.Build.0 = Debug|Any CPU
		{FC1C1C84-E658-47F8-9993-E9A6EFD9AC7E}.Debug|ARM.ActiveCfg = Debug|Any CPU
		{FC1C1C84-E658-47F8-9993-E9A6EFD9AC7E}.Debug|ARM.Build.0 = Debug|Any CPU
		{FC1C1C84-E658-47F8-9993-E9A6EFD9AC7E}.Debug|x64.ActiveCfg = Debug|Any CPU
		{FC1C1C84-E658-47F8-9993-E9A6EFD9AC7E}.Debug|x64.Build.0 = Debug|Any CPU
		{FC1C1C84-E658-47F8-9993-E9A6EFD9AC7E}.Debug|x86.ActiveCfg = Debug|Any CPU
		{FC1C1C84-E658-47F8-9993-E9A6EFD9AC7E}.Debug|x86.Build.0 = Debug|Any CPU
		{FC1C1C84-E658-47F8-9993-E9A6EFD9AC7E}.Release|Any CPU.ActiveCfg = Release|Any CPU
		{FC1C1C84-E658-47F8-9993-E9A6EFD9AC7E}.Release|Any CPU.Build.0 = Release|Any CPU
		{FC1C1C84-E658-47F8-9993-E9A6EFD9AC7E}.Release|ARM.ActiveCfg = Release|Any CPU
		{FC1C1C84-E658-47F8-9993-E9A6EFD9AC7E}.Release|ARM.Build.0 = Release|Any CPU
		{FC1C1C84-E658-47F8-9993-E9A6EFD9AC7E}.Release|x64.ActiveCfg = Release|Any CPU
		{FC1C1C84-E658-47F8-9993-E9A6EFD9AC7E}.Release|x64.Build.0 = Release|Any CPU
		{FC1C1C84-E658-47F8-9993-E9A6EFD9AC7E}.Release|x86.ActiveCfg = Release|Any CPU
		{FC1C1C84-E658-47F8-9993-E9A6EFD9AC7E}.Release|x86.Build.0 = Release|Any CPU
		{CD3376F3-512D-4F26-957A-4B0A8CF84435}.Debug|Any CPU.ActiveCfg = Debug|Any CPU
		{CD3376F3-512D-4F26-957A-4B0A8CF84435}.Debug|Any CPU.Build.0 = Debug|Any CPU
		{CD3376F3-512D-4F26-957A-4B0A8CF84435}.Debug|ARM.ActiveCfg = Debug|Any CPU
		{CD3376F3-512D-4F26-957A-4B0A8CF84435}.Debug|ARM.Build.0 = Debug|Any CPU
		{CD3376F3-512D-4F26-957A-4B0A8CF84435}.Debug|x64.ActiveCfg = Debug|Any CPU
		{CD3376F3-512D-4F26-957A-4B0A8CF84435}.Debug|x64.Build.0 = Debug|Any CPU
		{CD3376F3-512D-4F26-957A-4B0A8CF84435}.Debug|x86.ActiveCfg = Debug|Any CPU
		{CD3376F3-512D-4F26-957A-4B0A8CF84435}.Debug|x86.Build.0 = Debug|Any CPU
		{CD3376F3-512D-4F26-957A-4B0A8CF84435}.Release|Any CPU.ActiveCfg = Release|Any CPU
		{CD3376F3-512D-4F26-957A-4B0A8CF84435}.Release|Any CPU.Build.0 = Release|Any CPU
		{CD3376F3-512D-4F26-957A-4B0A8CF84435}.Release|ARM.ActiveCfg = Release|Any CPU
		{CD3376F3-512D-4F26-957A-4B0A8CF84435}.Release|ARM.Build.0 = Release|Any CPU
		{CD3376F3-512D-4F26-957A-4B0A8CF84435}.Release|x64.ActiveCfg = Release|Any CPU
		{CD3376F3-512D-4F26-957A-4B0A8CF84435}.Release|x64.Build.0 = Release|Any CPU
		{CD3376F3-512D-4F26-957A-4B0A8CF84435}.Release|x86.ActiveCfg = Release|Any CPU
		{CD3376F3-512D-4F26-957A-4B0A8CF84435}.Release|x86.Build.0 = Release|Any CPU
	EndGlobalSection
	GlobalSection(SolutionProperties) = preSolution
		HideSolutionNode = FALSE
	EndGlobalSection
	GlobalSection(ExtensibilityGlobals) = postSolution
		SolutionGuid = {828B56A9-81BA-4A25-BABD-13629B93D592}
	EndGlobalSection
EndGlobal
